lockfileVersion: '9.0'

settings:
  autoInstallPeers: true
  excludeLinksFromLockfile: false

importers:

  .:
    dependencies:
      tsconfig-paths:
        specifier: ^4.2.0
        version: 4.2.0
      typescript:
        specifier: ^5.0.0
        version: 5.6.2
    devDependencies:
      '@faker-js/faker':
        specifier: 9.0.3
        version: 9.0.3
      '@types/bun':
        specifier: latest
        version: 1.1.10
      prettier:
        specifier: 3.3.3
        version: 3.3.3

packages:

  '@faker-js/faker@9.0.3':
    resolution: {integrity: sha512-lWrrK4QNlFSU+13PL9jMbMKLJYXDFu3tQfayBsMXX7KL/GiQeqfB1CzHkqD5UHBUtPAuPo6XwGbMFNdVMZObRA==}
    engines: {node: '>=18.0.0', npm: '>=9.0.0'}

  '@types/bun@1.1.10':
    resolution: {integrity: sha512-76KYVSwrHwr9zsnk6oLXOGs9KvyBg3U066GLO4rk6JZk1ypEPGCUDZ5yOiESyIHWs9cx9iC8r01utYN32XdmgA==}

  '@types/node@20.12.14':
    resolution: {integrity: sha512-scnD59RpYD91xngrQQLGkE+6UrHUPzeKZWhhjBSa3HSkwjbQc38+q3RoIVEwxQGRw3M+j5hpNAM+lgV3cVormg==}

  '@types/ws@8.5.12':
    resolution: {integrity: sha512-3tPRkv1EtkDpzlgyKyI8pGsGZAGPEaXeu0DOj5DI25Ja91bdAYddYHbADRYVrZMRbfW+1l5YwXVDKohDJNQxkQ==}

  bun-types@1.1.29:
    resolution: {integrity: sha512-En3/TzSPMPyl5UlUB1MHzHpcrZDakTm7mS203eLoX1fBoEa3PW+aSS8GAqVJ7Is/m34Z5ogL+ECniLY0uDaCPw==}

  json5@2.2.3:
    resolution: {integrity: sha512-XmOWe7eyHYH14cLdVPoyg+GOH3rYX++KpzrylJwSW98t3Nk+U8XOl8FWKOgwtzdb8lXGf6zYwDUzeHMWfxasyg==}
    engines: {node: '>=6'}
    hasBin: true

  minimist@1.2.8:
    resolution: {integrity: sha512-2yyAR8qBkN3YuheJanUpWC5U3bb5osDywNB8RzDVlDwDHbocAJveqqj1u8+SVD7jkWT4yvsHCpWqqWqAxb0zCA==}

  prettier@3.3.3:
    resolution: {integrity: sha512-i2tDNA0O5IrMO757lfrdQZCc2jPNDVntV0m/+4whiDfWaTKfMNgR7Qz0NAeGz/nRqF4m5/6CLzbP4/liHt12Ew==}
    engines: {node: '>=14'}
    hasBin: true

  strip-bom@3.0.0:
    resolution: {integrity: sha512-vavAMRXOgBVNF6nyEEmL3DBK19iRpDcoIwW+swQ+CbGiu7lju6t+JklA1MHweoWtadgt4ISVUsXLyDq34ddcwA==}
    engines: {node: '>=4'}

  tsconfig-paths@4.2.0:
    resolution: {integrity: sha512-NoZ4roiN7LnbKn9QqE1amc9DJfzvZXxF4xDavcOWt1BPkdx+m+0gJuPM+S0vCe7zTJMYUP0R8pO2XMr+Y8oLIg==}
    engines: {node: '>=6'}

  typescript@5.6.2:
    resolution: {integrity: sha512-NW8ByodCSNCwZeghjN3o+JX5OFH0Ojg6sadjEKY4huZ52TqbJTJnDo5+Tw98lSy63NZvi4n+ez5m2u5d4PkZyw==}
    engines: {node: '>=14.17'}
    hasBin: true

  undici-types@5.26.5:
    resolution: {integrity: sha512-JlCMO+ehdEIKqlFxk6IfVoAUVmgz7cU7zD/h9XZ0qzeosSHmUJVOzSQvvYSYWXkFXC+IfLKSIffhv0sVZup6pA==}

snapshots:

  '@faker-js/faker@9.0.3': {}

  '@types/bun@1.1.10':
    dependencies:
      bun-types: 1.1.29

  '@types/node@20.12.14':
    dependencies:
      undici-types: 5.26.5

  '@types/ws@8.5.12':
    dependencies:
      '@types/node': 20.12.14

  bun-types@1.1.29:
    dependencies:
      '@types/node': 20.12.14
      '@types/ws': 8.5.12

  json5@2.2.3: {}

  minimist@1.2.8: {}

  prettier@3.3.3: {}

  strip-bom@3.0.0: {}

  tsconfig-paths@4.2.0:
    dependencies:
      json5: 2.2.3
      minimist: 1.2.8
      strip-bom: 3.0.0

  typescript@5.6.2: {}

  undici-types@5.26.5: {}
